
Microsoft Visual Studio Solution File, Format Version 12.00
Project("{FAE04EC0-301F-11D3-BF4B-00C04F79EFBC}") = "lab_3", "lab_3.csproj", "{20E4EEBA-B72E-45D6-9EA6-C9FFAFD2BEB5}"
EndProject
Global
	GlobalSection(SolutionConfigurationPlatforms) = preSolution
		Debug|Any CPU = Debug|Any CPU
		Release|Any CPU = Release|Any CPU
	EndGlobalSection
	GlobalSection(ProjectConfigurationPlatforms) = postSolution
		{20E4EEBA-B72E-45D6-9EA6-C9FFAFD2BEB5}.Debug|Any CPU.ActiveCfg = Debug|Any CPU
		{20E4EEBA-B72E-45D6-9EA6-C9FFAFD2BEB5}.Debug|Any CPU.Build.0 = Debug|Any CPU
		{20E4EEBA-B72E-45D6-9EA6-C9FFAFD2BEB5}.Release|Any CPU.ActiveCfg = Release|Any CPU
		{20E4EEBA-B72E-45D6-9EA6-C9FFAFD2BEB5}.Release|Any CPU.Build.0 = Release|Any CPU
	EndGlobalSection
EndGlobal
