
Microsoft Visual Studio Solution File, Format Version 12.00
Project("{FAE04EC0-301F-11D3-BF4B-00C04F79EFBC}") = "lab_5", "lab_5.csproj", "{D6943E92-BFC4-41D6-930D-2AF0FCF0C6D9}"
EndProject
Global
	GlobalSection(SolutionConfigurationPlatforms) = preSolution
		Debug|Any CPU = Debug|Any CPU
		Release|Any CPU = Release|Any CPU
	EndGlobalSection
	GlobalSection(ProjectConfigurationPlatforms) = postSolution
		{D6943E92-BFC4-41D6-930D-2AF0FCF0C6D9}.Debug|Any CPU.ActiveCfg = Debug|Any CPU
		{D6943E92-BFC4-41D6-930D-2AF0FCF0C6D9}.Debug|Any CPU.Build.0 = Debug|Any CPU
		{D6943E92-BFC4-41D6-930D-2AF0FCF0C6D9}.Release|Any CPU.ActiveCfg = Release|Any CPU
		{D6943E92-BFC4-41D6-930D-2AF0FCF0C6D9}.Release|Any CPU.Build.0 = Release|Any CPU
	EndGlobalSection
EndGlobal
