
Microsoft Visual Studio Solution File, Format Version 12.00
Project("{FAE04EC0-301F-11D3-BF4B-00C04F79EFBC}") = "lab_2", "lab_2\lab_2.csproj", "{D1961562-270D-4F39-B600-33835AA7D181}"
EndProject
Global
	GlobalSection(SolutionConfigurationPlatforms) = preSolution
		Debug|Any CPU = Debug|Any CPU
		Release|Any CPU = Release|Any CPU
	EndGlobalSection
	GlobalSection(ProjectConfigurationPlatforms) = postSolution
		{D1961562-270D-4F39-B600-33835AA7D181}.Debug|Any CPU.ActiveCfg = Debug|Any CPU
		{D1961562-270D-4F39-B600-33835AA7D181}.Debug|Any CPU.Build.0 = Debug|Any CPU
		{D1961562-270D-4F39-B600-33835AA7D181}.Release|Any CPU.ActiveCfg = Release|Any CPU
		{D1961562-270D-4F39-B600-33835AA7D181}.Release|Any CPU.Build.0 = Release|Any CPU
	EndGlobalSection
EndGlobal
